// !$*UTF8*$!
{
	archiveVersion = 1;
	classes = {
	};
	objectVersion = 50;
	objects = {

/* Begin PBXBuildFile section */
		10B20B2C23E5AB6200A340BB /* TableViewDataModel.swift in Sources */ = {isa = PBXBuildFile; fileRef = 10B20B2B23E5AB6200A340BB /* TableViewDataModel.swift */; };
		10BAE7D723E452DD00D32B10 /* AppDelegate.swift in Sources */ = {isa = PBXBuildFile; fileRef = 10BAE7D623E452DD00D32B10 /* AppDelegate.swift */; };
		10BAE7D923E452DD00D32B10 /* SceneDelegate.swift in Sources */ = {isa = PBXBuildFile; fileRef = 10BAE7D823E452DD00D32B10 /* SceneDelegate.swift */; };
		10BAE7DB23E452DD00D32B10 /* ViewController.swift in Sources */ = {isa = PBXBuildFile; fileRef = 10BAE7DA23E452DD00D32B10 /* ViewController.swift */; };
		10BAE7DE23E452DD00D32B10 /* Main.storyboard in Resources */ = {isa = PBXBuildFile; fileRef = 10BAE7DC23E452DD00D32B10 /* Main.storyboard */; };
		10BAE7E123E452DD00D32B10 /* TipstartTest.xcdatamodeld in Sources */ = {isa = PBXBuildFile; fileRef = 10BAE7DF23E452DD00D32B10 /* TipstartTest.xcdatamodeld */; };
		10BAE7E323E452E000D32B10 /* Assets.xcassets in Resources */ = {isa = PBXBuildFile; fileRef = 10BAE7E223E452E000D32B10 /* Assets.xcassets */; };
		10BAE7E623E452E000D32B10 /* LaunchScreen.storyboard in Resources */ = {isa = PBXBuildFile; fileRef = 10BAE7E423E452E000D32B10 /* LaunchScreen.storyboard */; };
		10BAE7F023E4539F00D32B10 /* Networking.swift in Sources */ = {isa = PBXBuildFile; fileRef = 10BAE7EF23E4539F00D32B10 /* Networking.swift */; };
		10BAE7F423E453F900D32B10 /* SearchTableViewCell.swift in Sources */ = {isa = PBXBuildFile; fileRef = 10BAE7F223E453F900D32B10 /* SearchTableViewCell.swift */; };
		10BAE7F523E453F900D32B10 /* SearchTableViewCell.xib in Resources */ = {isa = PBXBuildFile; fileRef = 10BAE7F323E453F900D32B10 /* SearchTableViewCell.xib */; };
		10BAE7F723E4666700D32B10 /* Extensions.swift in Sources */ = {isa = PBXBuildFile; fileRef = 10BAE7F623E4666700D32B10 /* Extensions.swift */; };
		10BAE7F923E4805000D32B10 /* SearchItem.swift in Sources */ = {isa = PBXBuildFile; fileRef = 10BAE7F823E4805000D32B10 /* SearchItem.swift */; };
		10BAE7FB23E4AD0F00D32B10 /* DataManager.swift in Sources */ = {isa = PBXBuildFile; fileRef = 10BAE7FA23E4AD0F00D32B10 /* DataManager.swift */; };
		10BAE7FD23E4DBD000D32B10 /* Cache.swift in Sources */ = {isa = PBXBuildFile; fileRef = 10BAE7FC23E4DBD000D32B10 /* Cache.swift */; };
/* End PBXBuildFile section */

/* Begin PBXFileReference section */
		10B20B2B23E5AB6200A340BB /* TableViewDataModel.swift */ = {isa = PBXFileReference; lastKnownFileType = sourcecode.swift; path = TableViewDataModel.swift; sourceTree = "<group>"; };
		10BAE7D323E452DD00D32B10 /* TipstartTest.app */ = {isa = PBXFileReference; explicitFileType = wrapper.application; includeInIndex = 0; path = TipstartTest.app; sourceTree = BUILT_PRODUCTS_DIR; };
		10BAE7D623E452DD00D32B10 /* AppDelegate.swift */ = {isa = PBXFileReference; lastKnownFileType = sourcecode.swift; path = AppDelegate.swift; sourceTree = "<group>"; };
		10BAE7D823E452DD00D32B10 /* SceneDelegate.swift */ = {isa = PBXFileReference; lastKnownFileType = sourcecode.swift; path = SceneDelegate.swift; sourceTree = "<group>"; };
		10BAE7DA23E452DD00D32B10 /* ViewController.swift */ = {isa = PBXFileReference; lastKnownFileType = sourcecode.swift; path = ViewController.swift; sourceTree = "<group>"; };
		10BAE7DD23E452DD00D32B10 /* Base */ = {isa = PBXFileReference; lastKnownFileType = file.storyboard; name = Base; path = Base.lproj/Main.storyboard; sourceTree = "<group>"; };
		10BAE7E023E452DD00D32B10 /* TipstartTest.xcdatamodel */ = {isa = PBXFileReference; lastKnownFileType = wrapper.xcdatamodel; path = TipstartTest.xcdatamodel; sourceTree = "<group>"; };
		10BAE7E223E452E000D32B10 /* Assets.xcassets */ = {isa = PBXFileReference; lastKnownFileType = folder.assetcatalog; path = Assets.xcassets; sourceTree = "<group>"; };
		10BAE7E523E452E000D32B10 /* Base */ = {isa = PBXFileReference; lastKnownFileType = file.storyboard; name = Base; path = Base.lproj/LaunchScreen.storyboard; sourceTree = "<group>"; };
		10BAE7E723E452E000D32B10 /* Info.plist */ = {isa = PBXFileReference; lastKnownFileType = text.plist.xml; path = Info.plist; sourceTree = "<group>"; };
		10BAE7EF23E4539F00D32B10 /* Networking.swift */ = {isa = PBXFileReference; lastKnownFileType = sourcecode.swift; path = Networking.swift; sourceTree = "<group>"; };
		10BAE7F223E453F900D32B10 /* SearchTableViewCell.swift */ = {isa = PBXFileReference; lastKnownFileType = sourcecode.swift; path = SearchTableViewCell.swift; sourceTree = "<group>"; };
		10BAE7F323E453F900D32B10 /* SearchTableViewCell.xib */ = {isa = PBXFileReference; lastKnownFileType = file.xib; path = SearchTableViewCell.xib; sourceTree = "<group>"; };
		10BAE7F623E4666700D32B10 /* Extensions.swift */ = {isa = PBXFileReference; lastKnownFileType = sourcecode.swift; path = Extensions.swift; sourceTree = "<group>"; };
		10BAE7F823E4805000D32B10 /* SearchItem.swift */ = {isa = PBXFileReference; lastKnownFileType = sourcecode.swift; path = SearchItem.swift; sourceTree = "<group>"; };
		10BAE7FA23E4AD0F00D32B10 /* DataManager.swift */ = {isa = PBXFileReference; lastKnownFileType = sourcecode.swift; path = DataManager.swift; sourceTree = "<group>"; };
		10BAE7FC23E4DBD000D32B10 /* Cache.swift */ = {isa = PBXFileReference; lastKnownFileType = sourcecode.swift; path = Cache.swift; sourceTree = "<group>"; };
/* End PBXFileReference section */

/* Begin PBXFrameworksBuildPhase section */
		10BAE7D023E452DD00D32B10 /* Frameworks */ = {
			isa = PBXFrameworksBuildPhase;
			buildActionMask = 2147483647;
			files = (
			);
			runOnlyForDeploymentPostprocessing = 0;
		};
/* End PBXFrameworksBuildPhase section */

/* Begin PBXGroup section */
		10BAE7CA23E452DD00D32B10 = {
			isa = PBXGroup;
			children = (
				10BAE7D523E452DD00D32B10 /* TipstartTest */,
				10BAE7D423E452DD00D32B10 /* Products */,
			);
			sourceTree = "<group>";
		};
		10BAE7D423E452DD00D32B10 /* Products */ = {
			isa = PBXGroup;
			children = (
				10BAE7D323E452DD00D32B10 /* TipstartTest.app */,
			);
			name = Products;
			sourceTree = "<group>";
		};
		10BAE7D523E452DD00D32B10 /* TipstartTest */ = {
			isa = PBXGroup;
			children = (
				10BAE7D623E452DD00D32B10 /* AppDelegate.swift */,
				10BAE7D823E452DD00D32B10 /* SceneDelegate.swift */,
				10BAE7F123E453A700D32B10 /* Model */,
				10BAE7ED23E4538000D32B10 /* View */,
				10BAE7EE23E4538800D32B10 /* Controller */,
				10BAE7E223E452E000D32B10 /* Assets.xcassets */,
				10BAE7E723E452E000D32B10 /* Info.plist */,
				10BAE7DF23E452DD00D32B10 /* TipstartTest.xcdatamodeld */,
			);
			path = TipstartTest;
			sourceTree = "<group>";
		};
		10BAE7ED23E4538000D32B10 /* View */ = {
			isa = PBXGroup;
			children = (
				10BAE7DC23E452DD00D32B10 /* Main.storyboard */,
				10BAE7E423E452E000D32B10 /* LaunchScreen.storyboard */,
				10BAE7F223E453F900D32B10 /* SearchTableViewCell.swift */,
				10BAE7F323E453F900D32B10 /* SearchTableViewCell.xib */,
			);
			path = View;
			sourceTree = "<group>";
		};
		10BAE7EE23E4538800D32B10 /* Controller */ = {
			isa = PBXGroup;
			children = (
				10BAE7DA23E452DD00D32B10 /* ViewController.swift */,
			);
			path = Controller;
			sourceTree = "<group>";
		};
		10BAE7F123E453A700D32B10 /* Model */ = {
			isa = PBXGroup;
			children = (
				10BAE7FC23E4DBD000D32B10 /* Cache.swift */,
				10BAE7FA23E4AD0F00D32B10 /* DataManager.swift */,
				10BAE7F623E4666700D32B10 /* Extensions.swift */,
				10BAE7EF23E4539F00D32B10 /* Networking.swift */,
				10BAE7F823E4805000D32B10 /* SearchItem.swift */,
				10B20B2B23E5AB6200A340BB /* TableViewDataModel.swift */,
			);
			path = Model;
			sourceTree = "<group>";
		};
/* End PBXGroup section */

/* Begin PBXNativeTarget section */
		10BAE7D223E452DD00D32B10 /* TipstartTest */ = {
			isa = PBXNativeTarget;
			buildConfigurationList = 10BAE7EA23E452E000D32B10 /* Build configuration list for PBXNativeTarget "TipstartTest" */;
			buildPhases = (
				10BAE7CF23E452DD00D32B10 /* Sources */,
				10BAE7D023E452DD00D32B10 /* Frameworks */,
				10BAE7D123E452DD00D32B10 /* Resources */,
			);
			buildRules = (
			);
			dependencies = (
			);
			name = TipstartTest;
			productName = TipstartTest;
			productReference = 10BAE7D323E452DD00D32B10 /* TipstartTest.app */;
			productType = "com.apple.product-type.application";
		};
/* End PBXNativeTarget section */

/* Begin PBXProject section */
		10BAE7CB23E452DD00D32B10 /* Project object */ = {
			isa = PBXProject;
			attributes = {
				LastSwiftUpdateCheck = 1130;
				LastUpgradeCheck = 1130;
				ORGANIZATIONNAME = "Steve Vovchyna";
				TargetAttributes = {
					10BAE7D223E452DD00D32B10 = {
						CreatedOnToolsVersion = 11.3;
					};
				};
			};
			buildConfigurationList = 10BAE7CE23E452DD00D32B10 /* Build configuration list for PBXProject "TipstartTest" */;
			compatibilityVersion = "Xcode 9.3";
			developmentRegion = en;
			hasScannedForEncodings = 0;
			knownRegions = (
				en,
				Base,
			);
			mainGroup = 10BAE7CA23E452DD00D32B10;
			productRefGroup = 10BAE7D423E452DD00D32B10 /* Products */;
			projectDirPath = "";
			projectRoot = "";
			targets = (
				10BAE7D223E452DD00D32B10 /* TipstartTest */,
			);
		};
/* End PBXProject section */

/* Begin PBXResourcesBuildPhase section */
		10BAE7D123E452DD00D32B10 /* Resources */ = {
			isa = PBXResourcesBuildPhase;
			buildActionMask = 2147483647;
			files = (
				10BAE7E623E452E000D32B10 /* LaunchScreen.storyboard in Resources */,
				10BAE7F523E453F900D32B10 /* SearchTableViewCell.xib in Resources */,
				10BAE7E323E452E000D32B10 /* Assets.xcassets in Resources */,
				10BAE7DE23E452DD00D32B10 /* Main.storyboard in Resources */,
			);
			runOnlyForDeploymentPostprocessing = 0;
		};
/* End PBXResourcesBuildPhase section */

/* Begin PBXSourcesBuildPhase section */
		10BAE7CF23E452DD00D32B10 /* Sources */ = {
			isa = PBXSourcesBuildPhase;
			buildActionMask = 2147483647;
			files = (
				10BAE7FD23E4DBD000D32B10 /* Cache.swift in Sources */,
				10BAE7E123E452DD00D32B10 /* TipstartTest.xcdatamodeld in Sources */,
				10BAE7F023E4539F00D32B10 /* Networking.swift in Sources */,
				10BAE7F923E4805000D32B10 /* SearchItem.swift in Sources */,
				10BAE7DB23E452DD00D32B10 /* ViewController.swift in Sources */,
				10BAE7F423E453F900D32B10 /* SearchTableViewCell.swift in Sources */,
				10BAE7D723E452DD00D32B10 /* AppDelegate.swift in Sources */,
				10BAE7D923E452DD00D32B10 /* SceneDelegate.swift in Sources */,
				10BAE7FB23E4AD0F00D32B10 /* DataManager.swift in Sources */,
				10BAE7F723E4666700D32B10 /* Extensions.swift in Sources */,
				10B20B2C23E5AB6200A340BB /* TableViewDataModel.swift in Sources */,
			);
			runOnlyForDeploymentPostprocessing = 0;
		};
/* End PBXSourcesBuildPhase section */

/* Begin PBXVariantGroup section */
		10BAE7DC23E452DD00D32B10 /* Main.storyboard */ = {
			isa = PBXVariantGroup;
			children = (
				10BAE7DD23E452DD00D32B10 /* Base */,
			);
			name = Main.storyboard;
			sourceTree = "<group>";
		};
		10BAE7E423E452E000D32B10 /* LaunchScreen.storyboard */ = {
			isa = PBXVariantGroup;
			children = (
				10BAE7E523E452E000D32B10 /* Base */,
			);
			name = LaunchScreen.storyboard;
			sourceTree = "<group>";
		};
/* End PBXVariantGroup section */

/* Begin XCBuildConfiguration section */
		10BAE7E823E452E000D32B10 /* Debug */ = {
			isa = XCBuildConfiguration;
			buildSettings = {
				ALWAYS_SEARCH_USER_PATHS = NO;
				CLANG_ANALYZER_NONNULL = YES;
				CLANG_ANALYZER_NUMBER_OBJECT_CONVERSION = YES_AGGRESSIVE;
				CLANG_CXX_LANGUAGE_STANDARD = "gnu++14";
				CLANG_CXX_LIBRARY = "libc++";
				CLANG_ENABLE_MODULES = YES;
				CLANG_ENABLE_OBJC_ARC = YES;
				CLANG_ENABLE_OBJC_WEAK = YES;
				CLANG_WARN_BLOCK_CAPTURE_AUTORELEASING = YES;
				CLANG_WARN_BOOL_CONVERSION = YES;
				CLANG_WARN_COMMA = YES;
				CLANG_WARN_CONSTANT_CONVERSION = YES;
				CLANG_WARN_DEPRECATED_OBJC_IMPLEMENTATIONS = YES;
				CLANG_WARN_DIRECT_OBJC_ISA_USAGE = YES_ERROR;
				CLANG_WARN_DOCUMENTATION_COMMENTS = YES;
				CLANG_WARN_EMPTY_BODY = YES;
				CLANG_WARN_ENUM_CONVERSION = YES;
				CLANG_WARN_INFINITE_RECURSION = YES;
				CLANG_WARN_INT_CONVERSION = YES;
				CLANG_WARN_NON_LITERAL_NULL_CONVERSION = YES;
				CLANG_WARN_OBJC_IMPLICIT_RETAIN_SELF = YES;
				CLANG_WARN_OBJC_LITERAL_CONVERSION = YES;
				CLANG_WARN_OBJC_ROOT_CLASS = YES_ERROR;
				CLANG_WARN_RANGE_LOOP_ANALYSIS = YES;
				CLANG_WARN_STRICT_PROTOTYPES = YES;
				CLANG_WARN_SUSPICIOUS_MOVE = YES;
				CLANG_WARN_UNGUARDED_AVAILABILITY = YES_AGGRESSIVE;
				CLANG_WARN_UNREACHABLE_CODE = YES;
				CLANG_WARN__DUPLICATE_METHOD_MATCH = YES;
				COPY_PHASE_STRIP = NO;
				DEBUG_INFORMATION_FORMAT = dwarf;
				ENABLE_STRICT_OBJC_MSGSEND = YES;
				ENABLE_TESTABILITY = YES;
				GCC_C_LANGUAGE_STANDARD = gnu11;
				GCC_DYNAMIC_NO_PIC = NO;
				GCC_NO_COMMON_BLOCKS = YES;
				GCC_OPTIMIZATION_LEVEL = 0;
				GCC_PREPROCESSOR_DEFINITIONS = (
					"DEBUG=1",
					"$(inherited)",
				);
				GCC_WARN_64_TO_32_BIT_CONVERSION = YES;
				GCC_WARN_ABOUT_RETURN_TYPE = YES_ERROR;
				GCC_WARN_UNDECLARED_SELECTOR = YES;
				GCC_WARN_UNINITIALIZED_AUTOS = YES_AGGRESSIVE;
				GCC_WARN_UNUSED_FUNCTION = YES;
				GCC_WARN_UNUSED_VARIABLE = YES;
				IPHONEOS_DEPLOYMENT_TARGET = 13.2;
				MTL_ENABLE_DEBUG_INFO = INCLUDE_SOURCE;
				MTL_FAST_MATH = YES;
				ONLY_ACTIVE_ARCH = YES;
				SDKROOT = iphoneos;
				SWIFT_ACTIVE_COMPILATION_CONDITIONS = DEBUG;
				SWIFT_OPTIMIZATION_LEVEL = "-Onone";
			};
			name = Debug;
		};
		10BAE7E923E452E000D32B10 /* Release */ = {
			isa = XCBuildConfiguration;
			buildSettings = {
				ALWAYS_SEARCH_USER_PATHS = NO;
				CLANG_ANALYZER_NONNULL = YES;
				CLANG_ANALYZER_NUMBER_OBJECT_CONVERSION = YES_AGGRESSIVE;
				CLANG_CXX_LANGUAGE_STANDARD = "gnu++14";
				CLANG_CXX_LIBRARY = "libc++";
				CLANG_ENABLE_MODULES = YES;
				CLANG_ENABLE_OBJC_ARC = YES;
				CLANG_ENABLE_OBJC_WEAK = YES;
				CLANG_WARN_BLOCK_CAPTURE_AUTORELEASING = YES;
				CLANG_WARN_BOOL_CONVERSION = YES;
				CLANG_WARN_COMMA = YES;
				CLANG_WARN_CONSTANT_CONVERSION = YES;
				CLANG_WARN_DEPRECATED_OBJC_IMPLEMENTATIONS = YES;
				CLANG_WARN_DIRECT_OBJC_ISA_USAGE = YES_ERROR;
				CLANG_WARN_DOCUMENTATION_COMMENTS = YES;
				CLANG_WARN_EMPTY_BODY = YES;
				CLANG_WARN_ENUM_CONVERSION = YES;
				CLANG_WARN_INFINITE_RECURSION = YES;
				CLANG_WARN_INT_CONVERSION = YES;
				CLANG_WARN_NON_LITERAL_NULL_CONVERSION = YES;
				CLANG_WARN_OBJC_IMPLICIT_RETAIN_SELF = YES;
				CLANG_WARN_OBJC_LITERAL_CONVERSION = YES;
				CLANG_WARN_OBJC_ROOT_CLASS = YES_ERROR;
				CLANG_WARN_RANGE_LOOP_ANALYSIS = YES;
				CLANG_WARN_STRICT_PROTOTYPES = YES;
				CLANG_WARN_SUSPICIOUS_MOVE = YES;
				CLANG_WARN_UNGUARDED_AVAILABILITY = YES_AGGRESSIVE;
				CLANG_WARN_UNREACHABLE_CODE = YES;
				CLANG_WARN__DUPLICATE_METHOD_MATCH = YES;
				COPY_PHASE_STRIP = NO;
				DEBUG_INFORMATION_FORMAT = "dwarf-with-dsym";
				ENABLE_NS_ASSERTIONS = NO;
				ENABLE_STRICT_OBJC_MSGSEND = YES;
				GCC_C_LANGUAGE_STANDARD = gnu11;
				GCC_NO_COMMON_BLOCKS = YES;
				GCC_WARN_64_TO_32_BIT_CONVERSION = YES;
				GCC_WARN_ABOUT_RETURN_TYPE = YES_ERROR;
				GCC_WARN_UNDECLARED_SELECTOR = YES;
				GCC_WARN_UNINITIALIZED_AUTOS = YES_AGGRESSIVE;
				GCC_WARN_UNUSED_FUNCTION = YES;
				GCC_WARN_UNUSED_VARIABLE = YES;
				IPHONEOS_DEPLOYMENT_TARGET = 13.2;
				MTL_ENABLE_DEBUG_INFO = NO;
				MTL_FAST_MATH = YES;
				SDKROOT = iphoneos;
				SWIFT_COMPILATION_MODE = wholemodule;
				SWIFT_OPTIMIZATION_LEVEL = "-O";
				VALIDATE_PRODUCT = YES;
			};
			name = Release;
		};
		10BAE7EB23E452E000D32B10 /* Debug */ = {
			isa = XCBuildConfiguration;
			buildSettings = {
				ASSETCATALOG_COMPILER_APPICON_NAME = AppIcon;
				CODE_SIGN_STYLE = Automatic;
				DEVELOPMENT_TEAM = 68V7NHY2R5;
				INFOPLIST_FILE = TipstartTest/Info.plist;
				LD_RUNPATH_SEARCH_PATHS = (
					"$(inherited)",
					"@executable_path/Frameworks",
				);
				PRODUCT_BUNDLE_IDENTIFIER = com.stevevovchyna.TipstartTest;
				PRODUCT_NAME = "$(TARGET_NAME)";
				SWIFT_VERSION = 5.0;
				TARGETED_DEVICE_FAMILY = "1,2";
			};
			name = Debug;
		};
		10BAE7EC23E452E000D32B10 /* Release */ = {
			isa = XCBuildConfiguration;
			buildSettings = {
				ASSETCATALOG_COMPILER_APPICON_NAME = AppIcon;
				CODE_SIGN_STYLE = Automatic;
				DEVELOPMENT_TEAM = 68V7NHY2R5;
				INFOPLIST_FILE = TipstartTest/Info.plist;
				LD_RUNPATH_SEARCH_PATHS = (
					"$(inherited)",
					"@executable_path/Frameworks",
				);
				PRODUCT_BUNDLE_IDENTIFIER = com.stevevovchyna.TipstartTest;
				PRODUCT_NAME = "$(TARGET_NAME)";
				SWIFT_VERSION = 5.0;
				TARGETED_DEVICE_FAMILY = "1,2";
			};
			name = Release;
		};
/* End XCBuildConfiguration section */

/* Begin XCConfigurationList section */
		10BAE7CE23E452DD00D32B10 /* Build configuration list for PBXProject "TipstartTest" */ = {
			isa = XCConfigurationList;
			buildConfigurations = (
				10BAE7E823E452E000D32B10 /* Debug */,
				10BAE7E923E452E000D32B10 /* Release */,
			);
			defaultConfigurationIsVisible = 0;
			defaultConfigurationName = Release;
		};
		10BAE7EA23E452E000D32B10 /* Build configuration list for PBXNativeTarget "TipstartTest" */ = {
			isa = XCConfigurationList;
			buildConfigurations = (
				10BAE7EB23E452E000D32B10 /* Debug */,
				10BAE7EC23E452E000D32B10 /* Release */,
			);
			defaultConfigurationIsVisible = 0;
			defaultConfigurationName = Release;
		};
/* End XCConfigurationList section */

/* Begin XCVersionGroup section */
		10BAE7DF23E452DD00D32B10 /* TipstartTest.xcdatamodeld */ = {
			isa = XCVersionGroup;
			children = (
				10BAE7E023E452DD00D32B10 /* TipstartTest.xcdatamodel */,
			);
			currentVersion = 10BAE7E023E452DD00D32B10 /* TipstartTest.xcdatamodel */;
			path = TipstartTest.xcdatamodeld;
			sourceTree = "<group>";
			versionGroupType = wrapper.xcdatamodel;
		};
/* End XCVersionGroup section */
	};
	rootObject = 10BAE7CB23E452DD00D32B10 /* Project object */;
}
